{
  "name": "mc-discord-admin",
  "lockfileVersion": 2,
  "requires": true,
  "packages": {
    "": {
      "dependencies": {
        "discord-interactions": "^3.2.0"
      },
      "devDependencies": {
        "typescript": "^4.6.4"
      }
    },
    "node_modules/discord-interactions": {
      "version": "3.2.0",
      "resolved": "https://registry.npmjs.org/discord-interactions/-/discord-interactions-3.2.0.tgz",
      "integrity": "sha512-/J25RpYlokRW+2HmU5C2xo9bcgCWIzCl+MRRLCL/XvD+Hqe2WyQc639vUUKUNi6hdSdWb2kGNZDkMZxDky2dZg==",
      "dependencies": {
        "tweetnacl": "^1.0.3"
      },
      "engines": {
        "node": ">=12"
      }
    },
    "node_modules/tweetnacl": {
      "version": "1.0.3",
      "resolved": "https://registry.npmjs.org/tweetnacl/-/tweetnacl-1.0.3.tgz",
      "integrity": "sha512-6rt+RN7aOi1nGMyC4Xa5DdYiukl2UWCbcJft7YhxReBGQD7OAM8Pbxw6YMo4r2diNEA8FEmu32YOn9rhaiE5yw=="
    },
    "node_modules/typescript": {
      "version": "4.6.4",
      "resolved": "https://registry.npmjs.org/typescript/-/typescript-4.6.4.tgz",
      "integrity": "sha512-9ia/jWHIEbo49HfjrLGfKbZSuWo9iTMwXO+Ca3pRsSpbsMbc7/IU8NKdCZVRRBafVPGnoJeFL76ZOAA84I9fEg==",
      "dev": true,
      "bin": {
        "tsc": "bin/tsc",
        "tsserver": "bin/tsserver"
      },
      "engines": {
        "node": ">=4.2.0"
      }
    }
  },
  "dependencies": {
    "discord-interactions": {
      "version": "3.2.0",
      "resolved": "https://registry.npmjs.org/discord-interactions/-/discord-interactions-3.2.0.tgz",
      "integrity": "sha512-/J25RpYlokRW+2HmU5C2xo9bcgCWIzCl+MRRLCL/XvD+Hqe2WyQc639vUUKUNi6hdSdWb2kGNZDkMZxDky2dZg==",
      "requires": {
        "tweetnacl": "^1.0.3"
      }
    },
    "tweetnacl": {
      "version": "1.0.3",
      "resolved": "https://registry.npmjs.org/tweetnacl/-/tweetnacl-1.0.3.tgz",
      "integrity": "sha512-6rt+RN7aOi1nGMyC4Xa5DdYiukl2UWCbcJft7YhxReBGQD7OAM8Pbxw6YMo4r2diNEA8FEmu32YOn9rhaiE5yw=="
    },
    "typescript": {
      "version": "4.6.4",
      "resolved": "https://registry.npmjs.org/typescript/-/typescript-4.6.4.tgz",
      "integrity": "sha512-9ia/jWHIEbo49HfjrLGfKbZSuWo9iTMwXO+Ca3pRsSpbsMbc7/IU8NKdCZVRRBafVPGnoJeFL76ZOAA84I9fEg==",
      "dev": true
    }
  }
}
